
Microsoft Visual Studio Solution File, Format Version 12.00
# Visual Studio 15
VisualStudioVersion = 15.0.28010.2036
MinimumVisualStudioVersion = 10.0.40219.1
Project("{FAE04EC0-301F-11D3-BF4B-00C04F79EFBC}") = "cursachpoBD", "cursachpoBD\cursachpoBD.csproj", "{971A4980-3FB6-4D59-869F-58D597C63F8C}"
EndProject
Global
	GlobalSection(SolutionConfigurationPlatforms) = preSolution
		Debug|Any CPU = Debug|Any CPU
		Release|Any CPU = Release|Any CPU
	EndGlobalSection
	GlobalSection(ProjectConfigurationPlatforms) = postSolution
		{971A4980-3FB6-4D59-869F-58D597C63F8C}.Debug|Any CPU.ActiveCfg = Debug|Any CPU
		{971A4980-3FB6-4D59-869F-58D597C63F8C}.Debug|Any CPU.Build.0 = Debug|Any CPU
		{971A4980-3FB6-4D59-869F-58D597C63F8C}.Release|Any CPU.ActiveCfg = Release|Any CPU
		{971A4980-3FB6-4D59-869F-58D597C63F8C}.Release|Any CPU.Build.0 = Release|Any CPU
	EndGlobalSection
	GlobalSection(SolutionProperties) = preSolution
		HideSolutionNode = FALSE
	EndGlobalSection
	GlobalSection(ExtensibilityGlobals) = postSolution
		SolutionGuid = {4EF8668B-CE7B-4D28-8200-628A0F7ED1C1}
	EndGlobalSection
EndGlobal
